{
  "sha": "39f03689f30ab22a8e6565db064f5776fd1b5b32",
  "sources": {
    "redis": {
      "path": "."
    },
    "newrelic-sysmond": {
      "locked_version": "1.3.2",
      "git": "git://github.com/jtescher/chef-newrelic-sysmond.git",
      "ref": "5b5ee981dea8e09d282d133bf181125320b0dff0"
    },
    "build-essential": {
      "locked_version": "1.4.0"
    }
  }
}
